
Microsoft Visual Studio Solution File, Format Version 12.00
# Visual Studio Version 17
VisualStudioVersion = 17.13.35818.85
MinimumVisualStudioVersion = 10.0.40219.1
Project("{FAE04EC0-301F-11D3-BF4B-00C04F79EFBC}") = "WebCrawlerTests", "WebCrawlerTests\WebCrawlerTests.csproj", "{BD1C97E6-E466-45C0-8F5F-7B4B5AE7D76F}"
EndProject
Project("{FAE04EC0-301F-11D3-BF4B-00C04F79EFBC}") = "WebCrawler", "WebCrawler\WebCrawler.csproj", "{2C99795A-AC5D-00E3-EB49-DD4507DBE63F}"
EndProject
Project("{2150E333-8FDC-42A3-9474-1A3956D46DE8}") = "Solution Items", "Solution Items", "{8EC462FD-D22E-90A8-E5CE-7E832BA40C5D}"
	ProjectSection(SolutionItems) = preProject
		Readme.md = Readme.md
		SetupJobCrawlerWindowsApplication\SetupWindowsApplication.vdproj = SetupJobCrawlerWindowsApplication\SetupWindowsApplication.vdproj
	EndProjectSection
EndProject
Project("{FAE04EC0-301F-11D3-BF4B-00C04F79EFBC}") = "JobCrawlerWpfApp", "JobCrawlerWpfApp\JobCrawlerWpfApp.csproj", "{A1E5734D-A25C-449B-BD66-836A0C26E14F}"
EndProject
Project("{930C7802-8A8C-48F9-8165-68863BCCD9DD}") = "CreateInstallationForJobCrawler", "CreateInstallationForJobCrawler\CreateInstallationForJobCrawler.wixproj", "{40A6F8FC-8D46-484A-82C9-C7443109F13F}"
EndProject
Project("{54435603-DBB4-11D2-8724-00A0C9A8B90C}") = "SetupJobCrawlerWindowsApplication", "SetupJobCrawlerWindowsApplication\SetupWindowsApplication.vdproj", "{EF90D341-056F-46F8-78A4-06AF8B382EBC}"
EndProject
Global
	GlobalSection(SolutionConfigurationPlatforms) = preSolution
		Debug|Any CPU = Debug|Any CPU
		Debug|ARM = Debug|ARM
		Debug|ARM64 = Debug|ARM64
		Debug|x64 = Debug|x64
		Debug|x86 = Debug|x86
		Release|Any CPU = Release|Any CPU
		Release|ARM = Release|ARM
		Release|ARM64 = Release|ARM64
		Release|x64 = Release|x64
		Release|x86 = Release|x86
	EndGlobalSection
	GlobalSection(ProjectConfigurationPlatforms) = postSolution
		{BD1C97E6-E466-45C0-8F5F-7B4B5AE7D76F}.Debug|Any CPU.ActiveCfg = Debug|Any CPU
		{BD1C97E6-E466-45C0-8F5F-7B4B5AE7D76F}.Debug|Any CPU.Build.0 = Debug|Any CPU
		{BD1C97E6-E466-45C0-8F5F-7B4B5AE7D76F}.Debug|ARM.ActiveCfg = Debug|Any CPU
		{BD1C97E6-E466-45C0-8F5F-7B4B5AE7D76F}.Debug|ARM.Build.0 = Debug|Any CPU
		{BD1C97E6-E466-45C0-8F5F-7B4B5AE7D76F}.Debug|ARM64.ActiveCfg = Debug|Any CPU
		{BD1C97E6-E466-45C0-8F5F-7B4B5AE7D76F}.Debug|ARM64.Build.0 = Debug|Any CPU
		{BD1C97E6-E466-45C0-8F5F-7B4B5AE7D76F}.Debug|x64.ActiveCfg = Debug|Any CPU
		{BD1C97E6-E466-45C0-8F5F-7B4B5AE7D76F}.Debug|x64.Build.0 = Debug|Any CPU
		{BD1C97E6-E466-45C0-8F5F-7B4B5AE7D76F}.Debug|x86.ActiveCfg = Debug|Any CPU
		{BD1C97E6-E466-45C0-8F5F-7B4B5AE7D76F}.Debug|x86.Build.0 = Debug|Any CPU
		{BD1C97E6-E466-45C0-8F5F-7B4B5AE7D76F}.Release|Any CPU.ActiveCfg = Release|Any CPU
		{BD1C97E6-E466-45C0-8F5F-7B4B5AE7D76F}.Release|Any CPU.Build.0 = Release|Any CPU
		{BD1C97E6-E466-45C0-8F5F-7B4B5AE7D76F}.Release|ARM.ActiveCfg = Release|Any CPU
		{BD1C97E6-E466-45C0-8F5F-7B4B5AE7D76F}.Release|ARM.Build.0 = Release|Any CPU
		{BD1C97E6-E466-45C0-8F5F-7B4B5AE7D76F}.Release|ARM64.ActiveCfg = Release|Any CPU
		{BD1C97E6-E466-45C0-8F5F-7B4B5AE7D76F}.Release|ARM64.Build.0 = Release|Any CPU
		{BD1C97E6-E466-45C0-8F5F-7B4B5AE7D76F}.Release|x64.ActiveCfg = Release|Any CPU
		{BD1C97E6-E466-45C0-8F5F-7B4B5AE7D76F}.Release|x64.Build.0 = Release|Any CPU
		{BD1C97E6-E466-45C0-8F5F-7B4B5AE7D76F}.Release|x86.ActiveCfg = Release|Any CPU
		{BD1C97E6-E466-45C0-8F5F-7B4B5AE7D76F}.Release|x86.Build.0 = Release|Any CPU
		{2C99795A-AC5D-00E3-EB49-DD4507DBE63F}.Debug|Any CPU.ActiveCfg = Debug|Any CPU
		{2C99795A-AC5D-00E3-EB49-DD4507DBE63F}.Debug|Any CPU.Build.0 = Debug|Any CPU
		{2C99795A-AC5D-00E3-EB49-DD4507DBE63F}.Debug|ARM.ActiveCfg = Debug|Any CPU
		{2C99795A-AC5D-00E3-EB49-DD4507DBE63F}.Debug|ARM.Build.0 = Debug|Any CPU
		{2C99795A-AC5D-00E3-EB49-DD4507DBE63F}.Debug|ARM64.ActiveCfg = Debug|Any CPU
		{2C99795A-AC5D-00E3-EB49-DD4507DBE63F}.Debug|ARM64.Build.0 = Debug|Any CPU
		{2C99795A-AC5D-00E3-EB49-DD4507DBE63F}.Debug|x64.ActiveCfg = Debug|Any CPU
		{2C99795A-AC5D-00E3-EB49-DD4507DBE63F}.Debug|x64.Build.0 = Debug|Any CPU
		{2C99795A-AC5D-00E3-EB49-DD4507DBE63F}.Debug|x86.ActiveCfg = Debug|Any CPU
		{2C99795A-AC5D-00E3-EB49-DD4507DBE63F}.Debug|x86.Build.0 = Debug|Any CPU
		{2C99795A-AC5D-00E3-EB49-DD4507DBE63F}.Release|Any CPU.ActiveCfg = Release|Any CPU
		{2C99795A-AC5D-00E3-EB49-DD4507DBE63F}.Release|Any CPU.Build.0 = Release|Any CPU
		{2C99795A-AC5D-00E3-EB49-DD4507DBE63F}.Release|ARM.ActiveCfg = Release|Any CPU
		{2C99795A-AC5D-00E3-EB49-DD4507DBE63F}.Release|ARM.Build.0 = Release|Any CPU
		{2C99795A-AC5D-00E3-EB49-DD4507DBE63F}.Release|ARM64.ActiveCfg = Release|Any CPU
		{2C99795A-AC5D-00E3-EB49-DD4507DBE63F}.Release|ARM64.Build.0 = Release|Any CPU
		{2C99795A-AC5D-00E3-EB49-DD4507DBE63F}.Release|x64.ActiveCfg = Release|Any CPU
		{2C99795A-AC5D-00E3-EB49-DD4507DBE63F}.Release|x64.Build.0 = Release|Any CPU
		{2C99795A-AC5D-00E3-EB49-DD4507DBE63F}.Release|x86.ActiveCfg = Release|Any CPU
		{2C99795A-AC5D-00E3-EB49-DD4507DBE63F}.Release|x86.Build.0 = Release|Any CPU
		{A1E5734D-A25C-449B-BD66-836A0C26E14F}.Debug|Any CPU.ActiveCfg = Debug|Any CPU
		{A1E5734D-A25C-449B-BD66-836A0C26E14F}.Debug|Any CPU.Build.0 = Debug|Any CPU
		{A1E5734D-A25C-449B-BD66-836A0C26E14F}.Debug|ARM.ActiveCfg = Debug|Any CPU
		{A1E5734D-A25C-449B-BD66-836A0C26E14F}.Debug|ARM.Build.0 = Debug|Any CPU
		{A1E5734D-A25C-449B-BD66-836A0C26E14F}.Debug|ARM64.ActiveCfg = Debug|Any CPU
		{A1E5734D-A25C-449B-BD66-836A0C26E14F}.Debug|ARM64.Build.0 = Debug|Any CPU
		{A1E5734D-A25C-449B-BD66-836A0C26E14F}.Debug|x64.ActiveCfg = Debug|Any CPU
		{A1E5734D-A25C-449B-BD66-836A0C26E14F}.Debug|x64.Build.0 = Debug|Any CPU
		{A1E5734D-A25C-449B-BD66-836A0C26E14F}.Debug|x86.ActiveCfg = Debug|Any CPU
		{A1E5734D-A25C-449B-BD66-836A0C26E14F}.Debug|x86.Build.0 = Debug|Any CPU
		{A1E5734D-A25C-449B-BD66-836A0C26E14F}.Release|Any CPU.ActiveCfg = Release|Any CPU
		{A1E5734D-A25C-449B-BD66-836A0C26E14F}.Release|Any CPU.Build.0 = Release|Any CPU
		{A1E5734D-A25C-449B-BD66-836A0C26E14F}.Release|ARM.ActiveCfg = Release|Any CPU
		{A1E5734D-A25C-449B-BD66-836A0C26E14F}.Release|ARM.Build.0 = Release|Any CPU
		{A1E5734D-A25C-449B-BD66-836A0C26E14F}.Release|ARM64.ActiveCfg = Release|Any CPU
		{A1E5734D-A25C-449B-BD66-836A0C26E14F}.Release|ARM64.Build.0 = Release|Any CPU
		{A1E5734D-A25C-449B-BD66-836A0C26E14F}.Release|x64.ActiveCfg = Release|Any CPU
		{A1E5734D-A25C-449B-BD66-836A0C26E14F}.Release|x64.Build.0 = Release|Any CPU
		{A1E5734D-A25C-449B-BD66-836A0C26E14F}.Release|x86.ActiveCfg = Release|Any CPU
		{A1E5734D-A25C-449B-BD66-836A0C26E14F}.Release|x86.Build.0 = Release|Any CPU
		{40A6F8FC-8D46-484A-82C9-C7443109F13F}.Debug|Any CPU.ActiveCfg = Debug|x86
		{40A6F8FC-8D46-484A-82C9-C7443109F13F}.Debug|Any CPU.Build.0 = Debug|x86
		{40A6F8FC-8D46-484A-82C9-C7443109F13F}.Debug|ARM.ActiveCfg = Debug|x64
		{40A6F8FC-8D46-484A-82C9-C7443109F13F}.Debug|ARM.Build.0 = Debug|x64
		{40A6F8FC-8D46-484A-82C9-C7443109F13F}.Debug|ARM64.ActiveCfg = Debug|ARM64
		{40A6F8FC-8D46-484A-82C9-C7443109F13F}.Debug|ARM64.Build.0 = Debug|ARM64
		{40A6F8FC-8D46-484A-82C9-C7443109F13F}.Debug|x64.ActiveCfg = Debug|x64
		{40A6F8FC-8D46-484A-82C9-C7443109F13F}.Debug|x64.Build.0 = Debug|x64
		{40A6F8FC-8D46-484A-82C9-C7443109F13F}.Debug|x86.ActiveCfg = Debug|x86
		{40A6F8FC-8D46-484A-82C9-C7443109F13F}.Debug|x86.Build.0 = Debug|x86
		{40A6F8FC-8D46-484A-82C9-C7443109F13F}.Release|Any CPU.ActiveCfg = Release|x64
		{40A6F8FC-8D46-484A-82C9-C7443109F13F}.Release|Any CPU.Build.0 = Release|x64
		{40A6F8FC-8D46-484A-82C9-C7443109F13F}.Release|ARM.ActiveCfg = Release|x64
		{40A6F8FC-8D46-484A-82C9-C7443109F13F}.Release|ARM.Build.0 = Release|x64
		{40A6F8FC-8D46-484A-82C9-C7443109F13F}.Release|ARM64.ActiveCfg = Release|ARM64
		{40A6F8FC-8D46-484A-82C9-C7443109F13F}.Release|ARM64.Build.0 = Release|ARM64
		{40A6F8FC-8D46-484A-82C9-C7443109F13F}.Release|x64.ActiveCfg = Release|x64
		{40A6F8FC-8D46-484A-82C9-C7443109F13F}.Release|x64.Build.0 = Release|x64
		{40A6F8FC-8D46-484A-82C9-C7443109F13F}.Release|x86.ActiveCfg = Release|x86
		{40A6F8FC-8D46-484A-82C9-C7443109F13F}.Release|x86.Build.0 = Release|x86
		{EF90D341-056F-46F8-78A4-06AF8B382EBC}.Debug|Any CPU.ActiveCfg = Debug
		{EF90D341-056F-46F8-78A4-06AF8B382EBC}.Debug|Any CPU.Build.0 = Debug
		{EF90D341-056F-46F8-78A4-06AF8B382EBC}.Debug|ARM.ActiveCfg = Debug
		{EF90D341-056F-46F8-78A4-06AF8B382EBC}.Debug|ARM.Build.0 = Debug
		{EF90D341-056F-46F8-78A4-06AF8B382EBC}.Debug|ARM64.ActiveCfg = Debug
		{EF90D341-056F-46F8-78A4-06AF8B382EBC}.Debug|ARM64.Build.0 = Debug
		{EF90D341-056F-46F8-78A4-06AF8B382EBC}.Debug|x64.ActiveCfg = Debug
		{EF90D341-056F-46F8-78A4-06AF8B382EBC}.Debug|x64.Build.0 = Debug
		{EF90D341-056F-46F8-78A4-06AF8B382EBC}.Debug|x86.ActiveCfg = Debug
		{EF90D341-056F-46F8-78A4-06AF8B382EBC}.Debug|x86.Build.0 = Debug
		{EF90D341-056F-46F8-78A4-06AF8B382EBC}.Release|Any CPU.ActiveCfg = Release
		{EF90D341-056F-46F8-78A4-06AF8B382EBC}.Release|Any CPU.Build.0 = Release
		{EF90D341-056F-46F8-78A4-06AF8B382EBC}.Release|ARM.ActiveCfg = Release
		{EF90D341-056F-46F8-78A4-06AF8B382EBC}.Release|ARM.Build.0 = Release
		{EF90D341-056F-46F8-78A4-06AF8B382EBC}.Release|ARM64.ActiveCfg = Release
		{EF90D341-056F-46F8-78A4-06AF8B382EBC}.Release|ARM64.Build.0 = Release
		{EF90D341-056F-46F8-78A4-06AF8B382EBC}.Release|x64.ActiveCfg = Release
		{EF90D341-056F-46F8-78A4-06AF8B382EBC}.Release|x64.Build.0 = Release
		{EF90D341-056F-46F8-78A4-06AF8B382EBC}.Release|x86.ActiveCfg = Release
		{EF90D341-056F-46F8-78A4-06AF8B382EBC}.Release|x86.Build.0 = Release
	EndGlobalSection
	GlobalSection(SolutionProperties) = preSolution
		HideSolutionNode = FALSE
	EndGlobalSection
	GlobalSection(ExtensibilityGlobals) = postSolution
		SolutionGuid = {3F924B76-18DF-4F5F-A832-EBF07AEA1A95}
	EndGlobalSection
EndGlobal
